
Microsoft Visual Studio Solution File, Format Version 12.00
# Visual Studio Version 17
VisualStudioVersion = 17.3.33027.108
MinimumVisualStudioVersion = 10.0.40219.1
Project("{FAE04EC0-301F-11D3-BF4B-00C04F79EFBC}") = "AdventOfCode2022", "Day 1\AdventOfCode2022.csproj", "{997FB15E-57D8-4A96-925C-5E85AF92280B}"
EndProject
Global
	GlobalSection(SolutionConfigurationPlatforms) = preSolution
		Debug|Any CPU = Debug|Any CPU
		Release|Any CPU = Release|Any CPU
	EndGlobalSection
	GlobalSection(ProjectConfigurationPlatforms) = postSolution
		{997FB15E-57D8-4A96-925C-5E85AF92280B}.Debug|Any CPU.ActiveCfg = Debug|Any CPU
		{997FB15E-57D8-4A96-925C-5E85AF92280B}.Debug|Any CPU.Build.0 = Debug|Any CPU
		{997FB15E-57D8-4A96-925C-5E85AF92280B}.Release|Any CPU.ActiveCfg = Release|Any CPU
		{997FB15E-57D8-4A96-925C-5E85AF92280B}.Release|Any CPU.Build.0 = Release|Any CPU
	EndGlobalSection
	GlobalSection(SolutionProperties) = preSolution
		HideSolutionNode = FALSE
	EndGlobalSection
	GlobalSection(ExtensibilityGlobals) = postSolution
		SolutionGuid = {F5C8E683-6AB0-42B4-A6B0-8C13C029695A}
	EndGlobalSection
EndGlobal
